<?xml version="1.0" encoding="utf-8"?>
<Project ToolsVersion="4.0" xmlns="http://schemas.microsoft.com/developer/msbuild/2003">
  <ItemGroup>
    <Filter Include="Arquivos de Origem">
      <UniqueIdentifier>{4FC737F1-C7A5-4376-A066-2A32D752A2FF}</UniqueIdentifier>
      <Extensions>cpp;c;cc;cxx;def;odl;idl;hpj;bat;asm;asmx</Extensions>
    </Filter>
    <Filter Include="Arquivos de Cabeçalho">
      <UniqueIdentifier>{93995380-89BD-4b04-88EB-625FBE52EBFB}</UniqueIdentifier>
      <Extensions>h;hh;hpp;hxx;hm;inl;inc;ipp;xsd</Extensions>
    </Filter>
    <Filter Include="Arquivos de Recurso">
      <UniqueIdentifier>{67DA6AB6-F800-4c08-8B7A-83BB121AAD01}</UniqueIdentifier>
      <Extensions>rc;ico;cur;bmp;dlg;rc2;rct;bin;rgs;gif;jpg;jpeg;jpe;resx;tiff;tif;png;wav;mfcribbon-ms</Extensions>
    </Filter>
    <Filter Include="Arquivos de Cabeçalho\View">
      <UniqueIdentifier>{69620209-0c23-4002-a0e0-7387fa51ebaf}</UniqueIdentifier>
    </Filter>
    <Filter Include="Arquivos de Cabeçalho\Model">
      <UniqueIdentifier>{242908c8-5e50-4c76-90fd-bec71c197973}</UniqueIdentifier>
    </Filter>
    <Filter Include="Arquivos de Cabeçalho\Controller">
      <UniqueIdentifier>{785e4fe4-2f87-47c1-850e-bc05f4e57575}</UniqueIdentifier>
    </Filter>
    <Filter Include="Arquivos de Cabeçalho\DAO">
      <UniqueIdentifier>{ca921494-0599-4fab-838a-969b896e95c7}</UniqueIdentifier>
    </Filter>
    <Filter Include="Arquivos de Origem\View">
      <UniqueIdentifier>{19198a28-7735-4c56-bf32-c910aa2d1aa4}</UniqueIdentifier>
    </Filter>
    <Filter Include="Arquivos de Origem\Model">
      <UniqueIdentifier>{60a6b63b-e3c8-4d37-a813-2f94888c90b9}</UniqueIdentifier>
    </Filter>
    <Filter Include="Arquivos de Origem\Controller">
      <UniqueIdentifier>{d4496e50-d6b3-42fb-831f-1a8a51161812}</UniqueIdentifier>
    </Filter>
    <Filter Include="Arquivos de Origem\DAO">
      <UniqueIdentifier>{002ce075-4d5c-4a10-a00b-e2828607770a}</UniqueIdentifier>
    </Filter>
    <Filter Include="Arquivos de Origem\SourceClass">
      <UniqueIdentifier>{66a54104-40f4-436d-ade0-dcc1a7050128}</UniqueIdentifier>
    </Filter>
    <Filter Include="Arquivos de Cabeçalho\SourceClass">
      <UniqueIdentifier>{59a893df-397f-4caa-8df5-f0668eb2400e}</UniqueIdentifier>
    </Filter>
  </ItemGroup>
  <ItemGroup>
    <ClInclude Include="pch.h">
      <Filter>Arquivos de Cabeçalho</Filter>
    </ClInclude>
    <ClInclude Include="programBuilder.h">
      <Filter>Arquivos de Cabeçalho</Filter>
    </ClInclude>
    <ClInclude Include="Client.h">
      <Filter>Arquivos de Cabeçalho\SourceClass</Filter>
    </ClInclude>
    <ClInclude Include="ClientView.h">
      <Filter>Arquivos de Cabeçalho\View</Filter>
    </ClInclude>
    <ClInclude Include="ClientController.h">
      <Filter>Arquivos de Cabeçalho\Controller</Filter>
    </ClInclude>
    <ClInclude Include="ClientModel.h">
      <Filter>Arquivos de Cabeçalho\Model</Filter>
    </ClInclude>
    <ClInclude Include="ClientDAO.h">
      <Filter>Arquivos de Cabeçalho\DAO</Filter>
    </ClInclude>
  </ItemGroup>
  <ItemGroup>
    <ClCompile Include="pch.cpp">
      <Filter>Arquivos de Origem</Filter>
    </ClCompile>
    <ClCompile Include="StartProgram.cpp">
      <Filter>Arquivos de Origem</Filter>
    </ClCompile>
    <ClCompile Include="programBuilder.cpp">
      <Filter>Arquivos de Origem</Filter>
    </ClCompile>
    <ClCompile Include="Client.cpp">
      <Filter>Arquivos de Origem\SourceClass</Filter>
    </ClCompile>
    <ClCompile Include="ClientView.cpp">
      <Filter>Arquivos de Origem\View</Filter>
    </ClCompile>
    <ClCompile Include="ClientController.cpp">
      <Filter>Arquivos de Origem\Controller</Filter>
    </ClCompile>
    <ClCompile Include="ClientModel.cpp">
      <Filter>Arquivos de Origem\Model</Filter>
    </ClCompile>
    <ClCompile Include="ClientDAO.cpp">
      <Filter>Arquivos de Origem\DAO</Filter>
    </ClCompile>
  </ItemGroup>
</Project>