<?xml version="1.0" encoding="utf-8"?>
<Project ToolsVersion="4.0" xmlns="http://schemas.microsoft.com/developer/msbuild/2003">
  <ItemGroup>
    <Filter Include="Arquivos de Origem">
      <UniqueIdentifier>{4FC737F1-C7A5-4376-A066-2A32D752A2FF}</UniqueIdentifier>
      <Extensions>cpp;c;cc;cxx;def;odl;idl;hpj;bat;asm;asmx</Extensions>
    </Filter>
    <Filter Include="Arquivos de Cabeçalho">
      <UniqueIdentifier>{93995380-89BD-4b04-88EB-625FBE52EBFB}</UniqueIdentifier>
      <Extensions>h;hh;hpp;hxx;hm;inl;inc;ipp;xsd</Extensions>
    </Filter>
    <Filter Include="Arquivos de Recurso">
      <UniqueIdentifier>{67DA6AB6-F800-4c08-8B7A-83BB121AAD01}</UniqueIdentifier>
      <Extensions>rc;ico;cur;bmp;dlg;rc2;rct;bin;rgs;gif;jpg;jpeg;jpe;resx;tiff;tif;png;wav;mfcribbon-ms</Extensions>
    </Filter>
    <Filter Include="Arquivos de Origem\View">
      <UniqueIdentifier>{2626f2de-900c-494d-8eb6-ba979ab98939}</UniqueIdentifier>
    </Filter>
    <Filter Include="Arquivos de Origem\Model">
      <UniqueIdentifier>{e5c299c7-3ee9-4965-8ead-9382d937b0fb}</UniqueIdentifier>
    </Filter>
    <Filter Include="Arquivos de Origem\DAO">
      <UniqueIdentifier>{3a856b45-4a3f-4ef2-a64a-f817beeaab88}</UniqueIdentifier>
    </Filter>
    <Filter Include="Arquivos de Origem\Controller">
      <UniqueIdentifier>{7255e04c-18b4-44bb-802d-1dc49b2ba623}</UniqueIdentifier>
    </Filter>
    <Filter Include="Arquivos de Cabeçalho\View">
      <UniqueIdentifier>{338b2934-8dc7-4b2c-b427-3c0289f492a5}</UniqueIdentifier>
    </Filter>
    <Filter Include="Arquivos de Cabeçalho\Model">
      <UniqueIdentifier>{9801e464-e9d2-442b-97fd-5d435bab1c9a}</UniqueIdentifier>
    </Filter>
    <Filter Include="Arquivos de Cabeçalho\DAO">
      <UniqueIdentifier>{dd76ffd6-d246-45cf-8631-7974bcd4ad23}</UniqueIdentifier>
    </Filter>
    <Filter Include="Arquivos de Cabeçalho\Controller">
      <UniqueIdentifier>{fee426b0-90f6-4d5f-b572-42c9d2c06b44}</UniqueIdentifier>
    </Filter>
  </ItemGroup>
  <ItemGroup>
    <ClCompile Include="StartProgram.cpp">
      <Filter>Arquivos de Origem</Filter>
    </ClCompile>
    <ClCompile Include="mainMenuView.cpp">
      <Filter>Arquivos de Origem\View</Filter>
    </ClCompile>
  </ItemGroup>
  <ItemGroup>
    <ClInclude Include="mainMenuView.h">
      <Filter>Arquivos de Cabeçalho\View</Filter>
    </ClInclude>
  </ItemGroup>
</Project>